
Microsoft Visual Studio Solution File, Format Version 12.00
# Visual Studio 15
VisualStudioVersion = 15.0.28307.852
MinimumVisualStudioVersion = 10.0.40219.1
Project("{FAE04EC0-301F-11D3-BF4B-00C04F79EFBC}") = "Client", "Client\Client.csproj", "{7693D98F-06A5-491D-9A0F-4F1667AB901F}"
EndProject
Project("{E53339B2-1760-4266-BCC7-CA923CBCF16C}") = "docker-compose", "docker-compose.dcproj", "{E18EBB44-A0F3-4814-9964-6127DFCB12FC}"
EndProject
Project("{FAE04EC0-301F-11D3-BF4B-00C04F79EFBC}") = "Server", "Server\Server.csproj", "{D5DF4047-D845-4813-B5E6-2D6409AF2620}"
EndProject
Project("{FAE04EC0-301F-11D3-BF4B-00C04F79EFBC}") = "Library", "Library\Library.csproj", "{BA14D2DF-A5C0-4DF8-8786-56A8F16DC949}"
EndProject
Global
	GlobalSection(SolutionConfigurationPlatforms) = preSolution
		Debug|Any CPU = Debug|Any CPU
		Release|Any CPU = Release|Any CPU
	EndGlobalSection
	GlobalSection(ProjectConfigurationPlatforms) = postSolution
		{7693D98F-06A5-491D-9A0F-4F1667AB901F}.Debug|Any CPU.ActiveCfg = Debug|Any CPU
		{7693D98F-06A5-491D-9A0F-4F1667AB901F}.Debug|Any CPU.Build.0 = Debug|Any CPU
		{7693D98F-06A5-491D-9A0F-4F1667AB901F}.Release|Any CPU.ActiveCfg = Release|Any CPU
		{7693D98F-06A5-491D-9A0F-4F1667AB901F}.Release|Any CPU.Build.0 = Release|Any CPU
		{E18EBB44-A0F3-4814-9964-6127DFCB12FC}.Debug|Any CPU.ActiveCfg = Debug|Any CPU
		{E18EBB44-A0F3-4814-9964-6127DFCB12FC}.Debug|Any CPU.Build.0 = Debug|Any CPU
		{E18EBB44-A0F3-4814-9964-6127DFCB12FC}.Release|Any CPU.ActiveCfg = Release|Any CPU
		{E18EBB44-A0F3-4814-9964-6127DFCB12FC}.Release|Any CPU.Build.0 = Release|Any CPU
		{D5DF4047-D845-4813-B5E6-2D6409AF2620}.Debug|Any CPU.ActiveCfg = Debug|Any CPU
		{D5DF4047-D845-4813-B5E6-2D6409AF2620}.Debug|Any CPU.Build.0 = Debug|Any CPU
		{D5DF4047-D845-4813-B5E6-2D6409AF2620}.Release|Any CPU.ActiveCfg = Release|Any CPU
		{D5DF4047-D845-4813-B5E6-2D6409AF2620}.Release|Any CPU.Build.0 = Release|Any CPU
		{BA14D2DF-A5C0-4DF8-8786-56A8F16DC949}.Debug|Any CPU.ActiveCfg = Debug|Any CPU
		{BA14D2DF-A5C0-4DF8-8786-56A8F16DC949}.Debug|Any CPU.Build.0 = Debug|Any CPU
		{BA14D2DF-A5C0-4DF8-8786-56A8F16DC949}.Release|Any CPU.ActiveCfg = Release|Any CPU
		{BA14D2DF-A5C0-4DF8-8786-56A8F16DC949}.Release|Any CPU.Build.0 = Release|Any CPU
	EndGlobalSection
	GlobalSection(SolutionProperties) = preSolution
		HideSolutionNode = FALSE
	EndGlobalSection
	GlobalSection(ExtensibilityGlobals) = postSolution
		SolutionGuid = {AEF02B26-0194-4523-8C21-4CC6166B43CB}
	EndGlobalSection
EndGlobal
